// !$*UTF8*$!
{
	archiveVersion = 1;
	classes = {
	};
	objectVersion = 56;
	objects = {

/* Begin PBXBuildFile section */
		C440B75829DD24E400BAF9C4 /* ReactProxy.m in Sources */ = {isa = PBXBuildFile; fileRef = C440B75729DD24E400BAF9C4 /* ReactProxy.m */; };
		C440B76329DD41CA00BAF9C4 /* TestReactOC.m in Sources */ = {isa = PBXBuildFile; fileRef = C440B76229DD41CA00BAF9C4 /* TestReactOC.m */; };
		C440B79029DD45CD00BAF9C4 /* ReactProxy.m in Sources */ = {isa = PBXBuildFile; fileRef = C440B75729DD24E400BAF9C4 /* ReactProxy.m */; };
		C440B79229DD45F500BAF9C4 /* main.m in Sources */ = {isa = PBXBuildFile; fileRef = C440B79129DD45F500BAF9C4 /* main.m */; };
/* End PBXBuildFile section */

/* Begin PBXContainerItemProxy section */
		C440B76829DD440400BAF9C4 /* PBXContainerItemProxy */ = {
			isa = PBXContainerItemProxy;
			containerPortal = C440B74429DD22A900BAF9C4 /* Project object */;
			proxyType = 1;
			remoteGlobalIDString = C440B74B29DD22A900BAF9C4;
			remoteInfo = ReactOC;
		};
/* End PBXContainerItemProxy section */

/* Begin PBXCopyFilesBuildPhase section */
		C440B74A29DD22A900BAF9C4 /* CopyFiles */ = {
			isa = PBXCopyFilesBuildPhase;
			buildActionMask = 2147483647;
			dstPath = /usr/share/man/man1/;
			dstSubfolderSpec = 0;
			files = (
			);
			runOnlyForDeploymentPostprocessing = 1;
		};
/* End PBXCopyFilesBuildPhase section */

/* Begin PBXFileReference section */
		C440B74C29DD22A900BAF9C4 /* ReactOC */ = {isa = PBXFileReference; explicitFileType = "compiled.mach-o.executable"; includeInIndex = 0; path = ReactOC; sourceTree = BUILT_PRODUCTS_DIR; };
		C440B75629DD24E400BAF9C4 /* ReactProxy.h */ = {isa = PBXFileReference; lastKnownFileType = sourcecode.c.h; path = ReactProxy.h; sourceTree = "<group>"; };
		C440B75729DD24E400BAF9C4 /* ReactProxy.m */ = {isa = PBXFileReference; lastKnownFileType = sourcecode.c.objc; path = ReactProxy.m; sourceTree = "<group>"; };
		C440B76029DD41CA00BAF9C4 /* TestReactOC.xctest */ = {isa = PBXFileReference; explicitFileType = wrapper.cfbundle; includeInIndex = 0; path = TestReactOC.xctest; sourceTree = BUILT_PRODUCTS_DIR; };
		C440B76229DD41CA00BAF9C4 /* TestReactOC.m */ = {isa = PBXFileReference; lastKnownFileType = sourcecode.c.objc; path = TestReactOC.m; sourceTree = "<group>"; };
		C440B79129DD45F500BAF9C4 /* main.m */ = {isa = PBXFileReference; lastKnownFileType = sourcecode.c.objc; path = main.m; sourceTree = "<group>"; };
/* End PBXFileReference section */

/* Begin PBXFrameworksBuildPhase section */
		C440B74929DD22A900BAF9C4 /* Frameworks */ = {
			isa = PBXFrameworksBuildPhase;
			buildActionMask = 2147483647;
			files = (
			);
			runOnlyForDeploymentPostprocessing = 0;
		};
		C440B75D29DD41CA00BAF9C4 /* Frameworks */ = {
			isa = PBXFrameworksBuildPhase;
			buildActionMask = 2147483647;
			files = (
			);
			runOnlyForDeploymentPostprocessing = 0;
		};
/* End PBXFrameworksBuildPhase section */

/* Begin PBXGroup section */
		C440B74329DD22A900BAF9C4 = {
			isa = PBXGroup;
			children = (
				C440B74E29DD22A900BAF9C4 /* ReactOC */,
				C440B76129DD41CA00BAF9C4 /* TestReactOC */,
				C440B74D29DD22A900BAF9C4 /* Products */,
			);
			sourceTree = "<group>";
		};
		C440B74D29DD22A900BAF9C4 /* Products */ = {
			isa = PBXGroup;
			children = (
				C440B74C29DD22A900BAF9C4 /* ReactOC */,
				C440B76029DD41CA00BAF9C4 /* TestReactOC.xctest */,
			);
			name = Products;
			sourceTree = "<group>";
		};
		C440B74E29DD22A900BAF9C4 /* ReactOC */ = {
			isa = PBXGroup;
			children = (
				C440B79129DD45F500BAF9C4 /* main.m */,
				C440B75629DD24E400BAF9C4 /* ReactProxy.h */,
				C440B75729DD24E400BAF9C4 /* ReactProxy.m */,
			);
			path = ReactOC;
			sourceTree = "<group>";
		};
		C440B76129DD41CA00BAF9C4 /* TestReactOC */ = {
			isa = PBXGroup;
			children = (
				C440B76229DD41CA00BAF9C4 /* TestReactOC.m */,
			);
			path = TestReactOC;
			sourceTree = "<group>";
		};
/* End PBXGroup section */

/* Begin PBXNativeTarget section */
		C440B74B29DD22A900BAF9C4 /* ReactOC */ = {
			isa = PBXNativeTarget;
			buildConfigurationList = C440B75329DD22A900BAF9C4 /* Build configuration list for PBXNativeTarget "ReactOC" */;
			buildPhases = (
				C440B74829DD22A900BAF9C4 /* Sources */,
				C440B74929DD22A900BAF9C4 /* Frameworks */,
				C440B74A29DD22A900BAF9C4 /* CopyFiles */,
			);
			buildRules = (
			);
			dependencies = (
			);
			name = ReactOC;
			productName = ReactOC;
			productReference = C440B74C29DD22A900BAF9C4 /* ReactOC */;
			productType = "com.apple.product-type.tool";
		};
		C440B75F29DD41CA00BAF9C4 /* TestReactOC */ = {
			isa = PBXNativeTarget;
			buildConfigurationList = C440B76429DD41CA00BAF9C4 /* Build configuration list for PBXNativeTarget "TestReactOC" */;
			buildPhases = (
				C440B75C29DD41CA00BAF9C4 /* Sources */,
				C440B75D29DD41CA00BAF9C4 /* Frameworks */,
				C440B75E29DD41CA00BAF9C4 /* Resources */,
			);
			buildRules = (
			);
			dependencies = (
				C440B76929DD440400BAF9C4 /* PBXTargetDependency */,
			);
			name = TestReactOC;
			productName = TestReactOC;
			productReference = C440B76029DD41CA00BAF9C4 /* TestReactOC.xctest */;
			productType = "com.apple.product-type.bundle.unit-test";
		};
/* End PBXNativeTarget section */

/* Begin PBXProject section */
		C440B74429DD22A900BAF9C4 /* Project object */ = {
			isa = PBXProject;
			attributes = {
				BuildIndependentTargetsInParallel = 1;
				LastUpgradeCheck = 1430;
				TargetAttributes = {
					C440B74B29DD22A900BAF9C4 = {
						CreatedOnToolsVersion = 14.3;
					};
					C440B75F29DD41CA00BAF9C4 = {
						CreatedOnToolsVersion = 14.3;
					};
				};
			};
			buildConfigurationList = C440B74729DD22A900BAF9C4 /* Build configuration list for PBXProject "ReactOC" */;
			compatibilityVersion = "Xcode 14.0";
			developmentRegion = en;
			hasScannedForEncodings = 0;
			knownRegions = (
				en,
				Base,
			);
			mainGroup = C440B74329DD22A900BAF9C4;
			productRefGroup = C440B74D29DD22A900BAF9C4 /* Products */;
			projectDirPath = "";
			projectRoot = "";
			targets = (
				C440B74B29DD22A900BAF9C4 /* ReactOC */,
				C440B75F29DD41CA00BAF9C4 /* TestReactOC */,
			);
		};
/* End PBXProject section */

/* Begin PBXResourcesBuildPhase section */
		C440B75E29DD41CA00BAF9C4 /* Resources */ = {
			isa = PBXResourcesBuildPhase;
			buildActionMask = 2147483647;
			files = (
			);
			runOnlyForDeploymentPostprocessing = 0;
		};
/* End PBXResourcesBuildPhase section */

/* Begin PBXSourcesBuildPhase section */
		C440B74829DD22A900BAF9C4 /* Sources */ = {
			isa = PBXSourcesBuildPhase;
			buildActionMask = 2147483647;
			files = (
				C440B79229DD45F500BAF9C4 /* main.m in Sources */,
				C440B75829DD24E400BAF9C4 /* ReactProxy.m in Sources */,
			);
			runOnlyForDeploymentPostprocessing = 0;
		};
		C440B75C29DD41CA00BAF9C4 /* Sources */ = {
			isa = PBXSourcesBuildPhase;
			buildActionMask = 2147483647;
			files = (
				C440B79029DD45CD00BAF9C4 /* ReactProxy.m in Sources */,
				C440B76329DD41CA00BAF9C4 /* TestReactOC.m in Sources */,
			);
			runOnlyForDeploymentPostprocessing = 0;
		};
/* End PBXSourcesBuildPhase section */

/* Begin PBXTargetDependency section */
		C440B76929DD440400BAF9C4 /* PBXTargetDependency */ = {
			isa = PBXTargetDependency;
			target = C440B74B29DD22A900BAF9C4 /* ReactOC */;
			targetProxy = C440B76829DD440400BAF9C4 /* PBXContainerItemProxy */;
		};
/* End PBXTargetDependency section */

/* Begin XCBuildConfiguration section */
		C440B75129DD22A900BAF9C4 /* Debug */ = {
			isa = XCBuildConfiguration;
			buildSettings = {
				ALWAYS_SEARCH_USER_PATHS = NO;
				CLANG_ANALYZER_NONNULL = YES;
				CLANG_ANALYZER_NUMBER_OBJECT_CONVERSION = YES_AGGRESSIVE;
				CLANG_CXX_LANGUAGE_STANDARD = "gnu++20";
				CLANG_ENABLE_MODULES = YES;
				CLANG_ENABLE_OBJC_ARC = YES;
				CLANG_ENABLE_OBJC_WEAK = YES;
				CLANG_WARN_BLOCK_CAPTURE_AUTORELEASING = YES;
				CLANG_WARN_BOOL_CONVERSION = YES;
				CLANG_WARN_COMMA = YES;
				CLANG_WARN_CONSTANT_CONVERSION = YES;
				CLANG_WARN_DEPRECATED_OBJC_IMPLEMENTATIONS = YES;
				CLANG_WARN_DIRECT_OBJC_ISA_USAGE = YES_ERROR;
				CLANG_WARN_DOCUMENTATION_COMMENTS = YES;
				CLANG_WARN_EMPTY_BODY = YES;
				CLANG_WARN_ENUM_CONVERSION = YES;
				CLANG_WARN_INFINITE_RECURSION = YES;
				CLANG_WARN_INT_CONVERSION = YES;
				CLANG_WARN_NON_LITERAL_NULL_CONVERSION = YES;
				CLANG_WARN_OBJC_IMPLICIT_RETAIN_SELF = YES;
				CLANG_WARN_OBJC_LITERAL_CONVERSION = YES;
				CLANG_WARN_OBJC_ROOT_CLASS = YES_ERROR;
				CLANG_WARN_QUOTED_INCLUDE_IN_FRAMEWORK_HEADER = YES;
				CLANG_WARN_RANGE_LOOP_ANALYSIS = YES;
				CLANG_WARN_STRICT_PROTOTYPES = YES;
				CLANG_WARN_SUSPICIOUS_MOVE = YES;
				CLANG_WARN_UNGUARDED_AVAILABILITY = YES_AGGRESSIVE;
				CLANG_WARN_UNREACHABLE_CODE = YES;
				CLANG_WARN__DUPLICATE_METHOD_MATCH = YES;
				COPY_PHASE_STRIP = NO;
				DEBUG_INFORMATION_FORMAT = dwarf;
				ENABLE_STRICT_OBJC_MSGSEND = YES;
				ENABLE_TESTABILITY = YES;
				GCC_C_LANGUAGE_STANDARD = gnu11;
				GCC_DYNAMIC_NO_PIC = NO;
				GCC_NO_COMMON_BLOCKS = YES;
				GCC_OPTIMIZATION_LEVEL = 0;
				GCC_PREPROCESSOR_DEFINITIONS = (
					"DEBUG=1",
					"$(inherited)",
				);
				GCC_WARN_64_TO_32_BIT_CONVERSION = YES;
				GCC_WARN_ABOUT_RETURN_TYPE = YES_ERROR;
				GCC_WARN_UNDECLARED_SELECTOR = YES;
				GCC_WARN_UNINITIALIZED_AUTOS = YES_AGGRESSIVE;
				GCC_WARN_UNUSED_FUNCTION = YES;
				GCC_WARN_UNUSED_VARIABLE = YES;
				MACOSX_DEPLOYMENT_TARGET = 13.3;
				MTL_ENABLE_DEBUG_INFO = INCLUDE_SOURCE;
				MTL_FAST_MATH = YES;
				ONLY_ACTIVE_ARCH = YES;
				SDKROOT = macosx;
			};
			name = Debug;
		};
		C440B75229DD22A900BAF9C4 /* Release */ = {
			isa = XCBuildConfiguration;
			buildSettings = {
				ALWAYS_SEARCH_USER_PATHS = NO;
				CLANG_ANALYZER_NONNULL = YES;
				CLANG_ANALYZER_NUMBER_OBJECT_CONVERSION = YES_AGGRESSIVE;
				CLANG_CXX_LANGUAGE_STANDARD = "gnu++20";
				CLANG_ENABLE_MODULES = YES;
				CLANG_ENABLE_OBJC_ARC = YES;
				CLANG_ENABLE_OBJC_WEAK = YES;
				CLANG_WARN_BLOCK_CAPTURE_AUTORELEASING = YES;
				CLANG_WARN_BOOL_CONVERSION = YES;
				CLANG_WARN_COMMA = YES;
				CLANG_WARN_CONSTANT_CONVERSION = YES;
				CLANG_WARN_DEPRECATED_OBJC_IMPLEMENTATIONS = YES;
				CLANG_WARN_DIRECT_OBJC_ISA_USAGE = YES_ERROR;
				CLANG_WARN_DOCUMENTATION_COMMENTS = YES;
				CLANG_WARN_EMPTY_BODY = YES;
				CLANG_WARN_ENUM_CONVERSION = YES;
				CLANG_WARN_INFINITE_RECURSION = YES;
				CLANG_WARN_INT_CONVERSION = YES;
				CLANG_WARN_NON_LITERAL_NULL_CONVERSION = YES;
				CLANG_WARN_OBJC_IMPLICIT_RETAIN_SELF = YES;
				CLANG_WARN_OBJC_LITERAL_CONVERSION = YES;
				CLANG_WARN_OBJC_ROOT_CLASS = YES_ERROR;
				CLANG_WARN_QUOTED_INCLUDE_IN_FRAMEWORK_HEADER = YES;
				CLANG_WARN_RANGE_LOOP_ANALYSIS = YES;
				CLANG_WARN_STRICT_PROTOTYPES = YES;
				CLANG_WARN_SUSPICIOUS_MOVE = YES;
				CLANG_WARN_UNGUARDED_AVAILABILITY = YES_AGGRESSIVE;
				CLANG_WARN_UNREACHABLE_CODE = YES;
				CLANG_WARN__DUPLICATE_METHOD_MATCH = YES;
				COPY_PHASE_STRIP = NO;
				DEBUG_INFORMATION_FORMAT = "dwarf-with-dsym";
				ENABLE_NS_ASSERTIONS = NO;
				ENABLE_STRICT_OBJC_MSGSEND = YES;
				GCC_C_LANGUAGE_STANDARD = gnu11;
				GCC_NO_COMMON_BLOCKS = YES;
				GCC_WARN_64_TO_32_BIT_CONVERSION = YES;
				GCC_WARN_ABOUT_RETURN_TYPE = YES_ERROR;
				GCC_WARN_UNDECLARED_SELECTOR = YES;
				GCC_WARN_UNINITIALIZED_AUTOS = YES_AGGRESSIVE;
				GCC_WARN_UNUSED_FUNCTION = YES;
				GCC_WARN_UNUSED_VARIABLE = YES;
				MACOSX_DEPLOYMENT_TARGET = 13.3;
				MTL_ENABLE_DEBUG_INFO = NO;
				MTL_FAST_MATH = YES;
				SDKROOT = macosx;
			};
			name = Release;
		};
		C440B75429DD22A900BAF9C4 /* Debug */ = {
			isa = XCBuildConfiguration;
			buildSettings = {
				CODE_SIGN_STYLE = Automatic;
				DEVELOPMENT_TEAM = WN86XXW7R7;
				ENABLE_HARDENED_RUNTIME = YES;
				PRODUCT_NAME = "$(TARGET_NAME)";
			};
			name = Debug;
		};
		C440B75529DD22A900BAF9C4 /* Release */ = {
			isa = XCBuildConfiguration;
			buildSettings = {
				CODE_SIGN_STYLE = Automatic;
				DEVELOPMENT_TEAM = WN86XXW7R7;
				ENABLE_HARDENED_RUNTIME = YES;
				PRODUCT_NAME = "$(TARGET_NAME)";
			};
			name = Release;
		};
		C440B76529DD41CA00BAF9C4 /* Debug */ = {
			isa = XCBuildConfiguration;
			buildSettings = {
				CODE_SIGN_STYLE = Automatic;
				CURRENT_PROJECT_VERSION = 1;
				DEVELOPMENT_TEAM = WN86XXW7R7;
				GENERATE_INFOPLIST_FILE = YES;
				MARKETING_VERSION = 1.0;
				PRODUCT_BUNDLE_IDENTIFIER = com.pencilCool.TestReactOC;
				PRODUCT_NAME = "$(TARGET_NAME)";
				SWIFT_EMIT_LOC_STRINGS = NO;
			};
			name = Debug;
		};
		C440B76629DD41CA00BAF9C4 /* Release */ = {
			isa = XCBuildConfiguration;
			buildSettings = {
				CODE_SIGN_STYLE = Automatic;
				CURRENT_PROJECT_VERSION = 1;
				DEVELOPMENT_TEAM = WN86XXW7R7;
				GENERATE_INFOPLIST_FILE = YES;
				MARKETING_VERSION = 1.0;
				PRODUCT_BUNDLE_IDENTIFIER = com.pencilCool.TestReactOC;
				PRODUCT_NAME = "$(TARGET_NAME)";
				SWIFT_EMIT_LOC_STRINGS = NO;
			};
			name = Release;
		};
/* End XCBuildConfiguration section */

/* Begin XCConfigurationList section */
		C440B74729DD22A900BAF9C4 /* Build configuration list for PBXProject "ReactOC" */ = {
			isa = XCConfigurationList;
			buildConfigurations = (
				C440B75129DD22A900BAF9C4 /* Debug */,
				C440B75229DD22A900BAF9C4 /* Release */,
			);
			defaultConfigurationIsVisible = 0;
			defaultConfigurationName = Release;
		};
		C440B75329DD22A900BAF9C4 /* Build configuration list for PBXNativeTarget "ReactOC" */ = {
			isa = XCConfigurationList;
			buildConfigurations = (
				C440B75429DD22A900BAF9C4 /* Debug */,
				C440B75529DD22A900BAF9C4 /* Release */,
			);
			defaultConfigurationIsVisible = 0;
			defaultConfigurationName = Release;
		};
		C440B76429DD41CA00BAF9C4 /* Build configuration list for PBXNativeTarget "TestReactOC" */ = {
			isa = XCConfigurationList;
			buildConfigurations = (
				C440B76529DD41CA00BAF9C4 /* Debug */,
				C440B76629DD41CA00BAF9C4 /* Release */,
			);
			defaultConfigurationIsVisible = 0;
			defaultConfigurationName = Release;
		};
/* End XCConfigurationList section */
	};
	rootObject = C440B74429DD22A900BAF9C4 /* Project object */;
}
